
Microsoft Visual Studio Solution File, Format Version 12.00
# Visual Studio Version 16
VisualStudioVersion = 16.0.31624.102
MinimumVisualStudioVersion = 10.0.40219.1
Project("{FAE04EC0-301F-11D3-BF4B-00C04F79EFBC}") = "FileIP", "FileIP\FileIP.csproj", "{07745237-982F-4C49-8A66-4ED31D6221B9}"
EndProject
Global
	GlobalSection(SolutionConfigurationPlatforms) = preSolution
		Debug|Any CPU = Debug|Any CPU
		Release|Any CPU = Release|Any CPU
	EndGlobalSection
	GlobalSection(ProjectConfigurationPlatforms) = postSolution
		{07745237-982F-4C49-8A66-4ED31D6221B9}.Debug|Any CPU.ActiveCfg = Debug|Any CPU
		{07745237-982F-4C49-8A66-4ED31D6221B9}.Debug|Any CPU.Build.0 = Debug|Any CPU
		{07745237-982F-4C49-8A66-4ED31D6221B9}.Release|Any CPU.ActiveCfg = Release|Any CPU
		{07745237-982F-4C49-8A66-4ED31D6221B9}.Release|Any CPU.Build.0 = Release|Any CPU
	EndGlobalSection
	GlobalSection(SolutionProperties) = preSolution
		HideSolutionNode = FALSE
	EndGlobalSection
	GlobalSection(ExtensibilityGlobals) = postSolution
		SolutionGuid = {890B2917-AA3C-48F8-9D05-D115F0671951}
	EndGlobalSection
EndGlobal
